
Microsoft Visual Studio Solution File, Format Version 12.00
# Visual Studio Version 17
VisualStudioVersion = 17.4.33213.308
MinimumVisualStudioVersion = 10.0.40219.1
Project("{FAE04EC0-301F-11D3-BF4B-00C04F79EFBC}") = "UniTimeAdditional_Installer", "UniTimeAdditional_Installer\UniTimeAdditional_Installer.csproj", "{240AA50B-A186-4518-BE5E-7B5719B2A18A}"
EndProject
Global
	GlobalSection(SolutionConfigurationPlatforms) = preSolution
		Debug|Any CPU = Debug|Any CPU
		Release|Any CPU = Release|Any CPU
	EndGlobalSection
	GlobalSection(ProjectConfigurationPlatforms) = postSolution
		{240AA50B-A186-4518-BE5E-7B5719B2A18A}.Debug|Any CPU.ActiveCfg = Debug|Any CPU
		{240AA50B-A186-4518-BE5E-7B5719B2A18A}.Debug|Any CPU.Build.0 = Debug|Any CPU
		{240AA50B-A186-4518-BE5E-7B5719B2A18A}.Release|Any CPU.ActiveCfg = Release|Any CPU
		{240AA50B-A186-4518-BE5E-7B5719B2A18A}.Release|Any CPU.Build.0 = Release|Any CPU
	EndGlobalSection
	GlobalSection(SolutionProperties) = preSolution
		HideSolutionNode = FALSE
	EndGlobalSection
	GlobalSection(ExtensibilityGlobals) = postSolution
		SolutionGuid = {995A0DF8-DD2A-482F-850B-F2F94CAF91BF}
	EndGlobalSection
EndGlobal
